
Microsoft Visual Studio Solution File, Format Version 12.00
# Visual Studio Version 16
VisualStudioVersion = 16.0.29519.87
MinimumVisualStudioVersion = 10.0.40219.1
Project("{FAE04EC0-301F-11D3-BF4B-00C04F79EFBC}") = "WNS_DEMOPROJECT", "WNS_DEMOPROJECT.csproj", "{AB98BA4E-06C4-4B6A-AC8D-2F77D413EE8C}"
EndProject
Global
	GlobalSection(SolutionConfigurationPlatforms) = preSolution
		Debug|Any CPU = Debug|Any CPU
		Release|Any CPU = Release|Any CPU
	EndGlobalSection
	GlobalSection(ProjectConfigurationPlatforms) = postSolution
		{AB98BA4E-06C4-4B6A-AC8D-2F77D413EE8C}.Debug|Any CPU.ActiveCfg = Debug|Any CPU
		{AB98BA4E-06C4-4B6A-AC8D-2F77D413EE8C}.Debug|Any CPU.Build.0 = Debug|Any CPU
		{AB98BA4E-06C4-4B6A-AC8D-2F77D413EE8C}.Release|Any CPU.ActiveCfg = Release|Any CPU
		{AB98BA4E-06C4-4B6A-AC8D-2F77D413EE8C}.Release|Any CPU.Build.0 = Release|Any CPU
	EndGlobalSection
	GlobalSection(SolutionProperties) = preSolution
		HideSolutionNode = FALSE
	EndGlobalSection
	GlobalSection(ExtensibilityGlobals) = postSolution
		SolutionGuid = {60FD48C8-ECF9-4DB8-8934-66F589B045F0}
	EndGlobalSection
EndGlobal
